Microsoft Visual Studio Solution File, Format Version 10.00
# Visual Studio 2008
Project("{8BC9CEB8-8B4A-11D0-8D11-00A0C91BC942}") = "ISWIlauncher", "ISWIlauncher.vcproj", "{F287308F-920E-44CD-BB2E-2D88B42AD242}"
EndProject
Global
	GlobalSection(SolutionConfigurationPlatforms) = preSolution
		Release|Win32 = Release|Win32
	EndGlobalSection
	GlobalSection(ProjectConfigurationPlatforms) = postSolution
		{F287308F-920E-44CD-BB2E-2D88B42AD242}.Release|Win32.ActiveCfg = Release|Win32
		{F287308F-920E-44CD-BB2E-2D88B42AD242}.Release|Win32.Build.0 = Release|Win32
	EndGlobalSection
	GlobalSection(SolutionProperties) = preSolution
		HideSolutionNode = FALSE
	EndGlobalSection
EndGlobal
