Microsoft Visual Studio Solution File, Format Version 10.00
# Visual Studio 2008
Project("{8BC9CEB8-8B4A-11D0-8D11-00A0C91BC942}") = "register", "register.vcproj", "{A0373DD7-4F2B-4437-BC85-7EBDF091BCA8}"
EndProject
Global
	GlobalSection(SolutionConfigurationPlatforms) = preSolution
		Release|Win32 = Release|Win32
	EndGlobalSection
	GlobalSection(ProjectConfigurationPlatforms) = postSolution
		{A0373DD7-4F2B-4437-BC85-7EBDF091BCA8}.Release|Win32.ActiveCfg = Release|Win32
		{A0373DD7-4F2B-4437-BC85-7EBDF091BCA8}.Release|Win32.Build.0 = Release|Win32
	EndGlobalSection
	GlobalSection(SolutionProperties) = preSolution
		HideSolutionNode = FALSE
	EndGlobalSection
EndGlobal
