Microsoft Visual Studio Solution File, Format Version 10.00
# Visual Studio 2008
Project("{8BC9CEB8-8B4A-11D0-8D11-00A0C91BC942}") = "ISpftw", "ISpftw.vcproj", "{90B09B22-643A-4779-8BB3-7FE2EA20F4AA}"
EndProject
Global
	GlobalSection(SolutionConfigurationPlatforms) = preSolution
		Release|Win32 = Release|Win32
	EndGlobalSection
	GlobalSection(ProjectConfigurationPlatforms) = postSolution
		{90B09B22-643A-4779-8BB3-7FE2EA20F4AA}.Release|Win32.ActiveCfg = Release|Win32
		{90B09B22-643A-4779-8BB3-7FE2EA20F4AA}.Release|Win32.Build.0 = Release|Win32
	EndGlobalSection
	GlobalSection(SolutionProperties) = preSolution
		HideSolutionNode = FALSE
	EndGlobalSection
EndGlobal
